// !$*UTF8*$!
{
	archiveVersion = 1;
	classes = {
	};
	objectVersion = 56;
	objects = {

/* Begin PBXBuildFile section */
		FA7247A62C11104200669B96 /* AppDelegate.swift in Sources */ = {isa = PBXBuildFile; fileRef = FA7247A52C11104200669B96 /* AppDelegate.swift */; };
		FA7247A82C11104200669B96 /* SceneDelegate.swift in Sources */ = {isa = PBXBuildFile; fileRef = FA7247A72C11104200669B96 /* SceneDelegate.swift */; };
		FA7247AA2C11104200669B96 /* MainPageViewController.swift in Sources */ = {isa = PBXBuildFile; fileRef = FA7247A92C11104200669B96 /* MainPageViewController.swift */; };
		FA7247AF2C11104300669B96 /* Assets.xcassets in Resources */ = {isa = PBXBuildFile; fileRef = FA7247AE2C11104300669B96 /* Assets.xcassets */; };
		FA7247B22C11104300669B96 /* Base in Resources */ = {isa = PBXBuildFile; fileRef = FA7247B12C11104300669B96 /* Base */; };
		FA7247BB2C11109700669B96 /* SnapKit in Frameworks */ = {isa = PBXBuildFile; productRef = FA7247BA2C11109700669B96 /* SnapKit */; };
		FA7247BD2C11109700669B96 /* SnapKit-Dynamic in Frameworks */ = {isa = PBXBuildFile; productRef = FA7247BC2C11109700669B96 /* SnapKit-Dynamic */; };
		FA7247CF2C11160100669B96 /* Color+Extensions.swift in Sources */ = {isa = PBXBuildFile; fileRef = FA7247CE2C11160100669B96 /* Color+Extensions.swift */; };
		FA7247D22C11241B00669B96 /* Constraints.swift in Sources */ = {isa = PBXBuildFile; fileRef = FA7247D12C11241B00669B96 /* Constraints.swift */; };
		FA7247D42C11268900669B96 /* CustomMainPageCellCollectionViewCell.swift in Sources */ = {isa = PBXBuildFile; fileRef = FA7247D32C11268900669B96 /* CustomMainPageCellCollectionViewCell.swift */; };
		FA7247D82C11276B00669B96 /* UserView.swift in Sources */ = {isa = PBXBuildFile; fileRef = FA7247D72C11276B00669B96 /* UserView.swift */; };
		FA7247DA2C11278200669B96 /* UserViewController.swift in Sources */ = {isa = PBXBuildFile; fileRef = FA7247D92C11278200669B96 /* UserViewController.swift */; };
		FA7247DC2C11280F00669B96 /* UserData.swift in Sources */ = {isa = PBXBuildFile; fileRef = FA7247DB2C11280F00669B96 /* UserData.swift */; };
		FA7247E02C126B1300669B96 /* CustomCellData.swift in Sources */ = {isa = PBXBuildFile; fileRef = FA7247DF2C126B1300669B96 /* CustomCellData.swift */; };
		FA7247E22C12708F00669B96 /* UIFont+Extensions.swift in Sources */ = {isa = PBXBuildFile; fileRef = FA7247E12C12708F00669B96 /* UIFont+Extensions.swift */; };
		FAF9288F2C133CA6009AD03C /* CustomHeaderView.swift in Sources */ = {isa = PBXBuildFile; fileRef = FAF9288E2C133CA6009AD03C /* CustomHeaderView.swift */; };
/* End PBXBuildFile section */

/* Begin PBXFileReference section */
		FA7247A22C11104200669B96 /* AnaKochievi_Assignment27.app */ = {isa = PBXFileReference; explicitFileType = wrapper.application; includeInIndex = 0; path = AnaKochievi_Assignment27.app; sourceTree = BUILT_PRODUCTS_DIR; };
		FA7247A52C11104200669B96 /* AppDelegate.swift */ = {isa = PBXFileReference; lastKnownFileType = sourcecode.swift; path = AppDelegate.swift; sourceTree = "<group>"; };
		FA7247A72C11104200669B96 /* SceneDelegate.swift */ = {isa = PBXFileReference; lastKnownFileType = sourcecode.swift; path = SceneDelegate.swift; sourceTree = "<group>"; };
		FA7247A92C11104200669B96 /* MainPageViewController.swift */ = {isa = PBXFileReference; lastKnownFileType = sourcecode.swift; path = MainPageViewController.swift; sourceTree = "<group>"; };
		FA7247AE2C11104300669B96 /* Assets.xcassets */ = {isa = PBXFileReference; lastKnownFileType = folder.assetcatalog; path = Assets.xcassets; sourceTree = "<group>"; };
		FA7247B12C11104300669B96 /* Base */ = {isa = PBXFileReference; lastKnownFileType = file.storyboard; name = Base; path = Base.lproj/LaunchScreen.storyboard; sourceTree = "<group>"; };
		FA7247B32C11104300669B96 /* Info.plist */ = {isa = PBXFileReference; lastKnownFileType = text.plist.xml; path = Info.plist; sourceTree = "<group>"; };
		FA7247BF2C11110800669B96 /* Poppins-Medium.ttf */ = {isa = PBXFileReference; lastKnownFileType = file; name = "Poppins-Medium.ttf"; path = "../../../../Downloads/Poppins 2/Poppins-Medium.ttf"; sourceTree = "<group>"; };
		FA7247C02C11110800669B96 /* Poppins-Regular.ttf */ = {isa = PBXFileReference; lastKnownFileType = file; name = "Poppins-Regular.ttf"; path = "../../../../Downloads/Poppins 2/Poppins-Regular.ttf"; sourceTree = "<group>"; };
		FA7247C12C11110800669B96 /* Poppins-Bold.ttf */ = {isa = PBXFileReference; lastKnownFileType = file; name = "Poppins-Bold.ttf"; path = "../../../../Downloads/Poppins 2/Poppins-Bold.ttf"; sourceTree = "<group>"; };
		FA7247C22C11110800669B96 /* Poppins-SemiBold.ttf */ = {isa = PBXFileReference; lastKnownFileType = file; name = "Poppins-SemiBold.ttf"; path = "../../../../Downloads/Poppins 2/Poppins-SemiBold.ttf"; sourceTree = "<group>"; };
		FA7247CE2C11160100669B96 /* Color+Extensions.swift */ = {isa = PBXFileReference; lastKnownFileType = sourcecode.swift; path = "Color+Extensions.swift"; sourceTree = "<group>"; };
		FA7247D12C11241B00669B96 /* Constraints.swift */ = {isa = PBXFileReference; lastKnownFileType = sourcecode.swift; path = Constraints.swift; sourceTree = "<group>"; };
		FA7247D32C11268900669B96 /* CustomMainPageCellCollectionViewCell.swift */ = {isa = PBXFileReference; lastKnownFileType = sourcecode.swift; path = CustomMainPageCellCollectionViewCell.swift; sourceTree = "<group>"; };
		FA7247D72C11276B00669B96 /* UserView.swift */ = {isa = PBXFileReference; lastKnownFileType = sourcecode.swift; path = UserView.swift; sourceTree = "<group>"; };
		FA7247D92C11278200669B96 /* UserViewController.swift */ = {isa = PBXFileReference; lastKnownFileType = sourcecode.swift; path = UserViewController.swift; sourceTree = "<group>"; };
		FA7247DB2C11280F00669B96 /* UserData.swift */ = {isa = PBXFileReference; lastKnownFileType = sourcecode.swift; path = UserData.swift; sourceTree = "<group>"; };
		FA7247DF2C126B1300669B96 /* CustomCellData.swift */ = {isa = PBXFileReference; lastKnownFileType = sourcecode.swift; path = CustomCellData.swift; sourceTree = "<group>"; };
		FA7247E12C12708F00669B96 /* UIFont+Extensions.swift */ = {isa = PBXFileReference; lastKnownFileType = sourcecode.swift; path = "UIFont+Extensions.swift"; sourceTree = "<group>"; };
		FAF9288E2C133CA6009AD03C /* CustomHeaderView.swift */ = {isa = PBXFileReference; lastKnownFileType = sourcecode.swift; path = CustomHeaderView.swift; sourceTree = "<group>"; };
/* End PBXFileReference section */

/* Begin PBXFrameworksBuildPhase section */
		FA72479F2C11104200669B96 /* Frameworks */ = {
			isa = PBXFrameworksBuildPhase;
			buildActionMask = 2147483647;
			files = (
				FA7247BB2C11109700669B96 /* SnapKit in Frameworks */,
				FA7247BD2C11109700669B96 /* SnapKit-Dynamic in Frameworks */,
			);
			runOnlyForDeploymentPostprocessing = 0;
		};
/* End PBXFrameworksBuildPhase section */

/* Begin PBXGroup section */
		FA7247992C11104200669B96 = {
			isa = PBXGroup;
			children = (
				FA7247A42C11104200669B96 /* AnaKochievi_Assignment27 */,
				FA7247A32C11104200669B96 /* Products */,
			);
			sourceTree = "<group>";
		};
		FA7247A32C11104200669B96 /* Products */ = {
			isa = PBXGroup;
			children = (
				FA7247A22C11104200669B96 /* AnaKochievi_Assignment27.app */,
			);
			name = Products;
			sourceTree = "<group>";
		};
		FA7247A42C11104200669B96 /* AnaKochievi_Assignment27 */ = {
			isa = PBXGroup;
			children = (
				FA7247C32C1111CB00669B96 /* App */,
				FA7247C72C1111EF00669B96 /* Scenes */,
				FA7247C62C1111EB00669B96 /* Domain */,
				FA7247BE2C1110BF00669B96 /* Fonts */,
				FA7247C52C1111E800669B96 /* Resources */,
			);
			path = AnaKochievi_Assignment27;
			sourceTree = "<group>";
		};
		FA7247BE2C1110BF00669B96 /* Fonts */ = {
			isa = PBXGroup;
			children = (
				FA7247C12C11110800669B96 /* Poppins-Bold.ttf */,
				FA7247BF2C11110800669B96 /* Poppins-Medium.ttf */,
				FA7247C02C11110800669B96 /* Poppins-Regular.ttf */,
				FA7247C22C11110800669B96 /* Poppins-SemiBold.ttf */,
			);
			path = Fonts;
			sourceTree = "<group>";
		};
		FA7247C32C1111CB00669B96 /* App */ = {
			isa = PBXGroup;
			children = (
				FA7247A72C11104200669B96 /* SceneDelegate.swift */,
				FA7247A52C11104200669B96 /* AppDelegate.swift */,
			);
			path = App;
			sourceTree = "<group>";
		};
		FA7247C52C1111E800669B96 /* Resources */ = {
			isa = PBXGroup;
			children = (
				FA7247D02C11240E00669B96 /* Constraints */,
				FA7247CD2C11135000669B96 /* Extensions */,
				FA7247B02C11104300669B96 /* LaunchScreen.storyboard */,
				FA7247AE2C11104300669B96 /* Assets.xcassets */,
				FA7247B32C11104300669B96 /* Info.plist */,
			);
			path = Resources;
			sourceTree = "<group>";
		};
		FA7247C62C1111EB00669B96 /* Domain */ = {
			isa = PBXGroup;
			children = (
				FA7247C92C11129B00669B96 /* Models */,
			);
			path = Domain;
			sourceTree = "<group>";
		};
		FA7247C72C1111EF00669B96 /* Scenes */ = {
			isa = PBXGroup;
			children = (
				FA7247C82C11126900669B96 /* Home Screen */,
				FA7247DD2C11287500669B96 /* User screen */,
			);
			path = Scenes;
			sourceTree = "<group>";
		};
		FA7247C82C11126900669B96 /* Home Screen */ = {
			isa = PBXGroup;
			children = (
				FA7247CA2C1112F000669B96 /* Controller */,
				FAF9288D2C133C77009AD03C /* View */,
				FA7247CC2C11132F00669B96 /* Cell */,
			);
			path = "Home Screen";
			sourceTree = "<group>";
		};
		FA7247C92C11129B00669B96 /* Models */ = {
			isa = PBXGroup;
			children = (
				FA7247DB2C11280F00669B96 /* UserData.swift */,
				FA7247DF2C126B1300669B96 /* CustomCellData.swift */,
			);
			path = Models;
			sourceTree = "<group>";
		};
		FA7247CA2C1112F000669B96 /* Controller */ = {
			isa = PBXGroup;
			children = (
				FA7247A92C11104200669B96 /* MainPageViewController.swift */,
			);
			path = Controller;
			sourceTree = "<group>";
		};
		FA7247CC2C11132F00669B96 /* Cell */ = {
			isa = PBXGroup;
			children = (
				FA7247D32C11268900669B96 /* CustomMainPageCellCollectionViewCell.swift */,
			);
			path = Cell;
			sourceTree = "<group>";
		};
		FA7247CD2C11135000669B96 /* Extensions */ = {
			isa = PBXGroup;
			children = (
				FA7247CE2C11160100669B96 /* Color+Extensions.swift */,
				FA7247E12C12708F00669B96 /* UIFont+Extensions.swift */,
			);
			path = Extensions;
			sourceTree = "<group>";
		};
		FA7247D02C11240E00669B96 /* Constraints */ = {
			isa = PBXGroup;
			children = (
				FA7247D12C11241B00669B96 /* Constraints.swift */,
			);
			path = Constraints;
			sourceTree = "<group>";
		};
		FA7247D62C1126DE00669B96 /* View */ = {
			isa = PBXGroup;
			children = (
				FA7247D72C11276B00669B96 /* UserView.swift */,
			);
			path = View;
			sourceTree = "<group>";
		};
		FA7247DD2C11287500669B96 /* User screen */ = {
			isa = PBXGroup;
			children = (
				FA7247DE2C11288F00669B96 /* Controller */,
				FA7247D62C1126DE00669B96 /* View */,
			);
			path = "User screen";
			sourceTree = "<group>";
		};
		FA7247DE2C11288F00669B96 /* Controller */ = {
			isa = PBXGroup;
			children = (
				FA7247D92C11278200669B96 /* UserViewController.swift */,
			);
			path = Controller;
			sourceTree = "<group>";
		};
		FAF9288D2C133C77009AD03C /* View */ = {
			isa = PBXGroup;
			children = (
				FAF9288E2C133CA6009AD03C /* CustomHeaderView.swift */,
			);
			path = View;
			sourceTree = "<group>";
		};
/* End PBXGroup section */

/* Begin PBXNativeTarget section */
		FA7247A12C11104200669B96 /* AnaKochievi_Assignment27 */ = {
			isa = PBXNativeTarget;
			buildConfigurationList = FA7247B62C11104300669B96 /* Build configuration list for PBXNativeTarget "AnaKochievi_Assignment27" */;
			buildPhases = (
				FA72479E2C11104200669B96 /* Sources */,
				FA72479F2C11104200669B96 /* Frameworks */,
				FA7247A02C11104200669B96 /* Resources */,
			);
			buildRules = (
			);
			dependencies = (
			);
			name = AnaKochievi_Assignment27;
			packageProductDependencies = (
				FA7247BA2C11109700669B96 /* SnapKit */,
				FA7247BC2C11109700669B96 /* SnapKit-Dynamic */,
			);
			productName = AnaKochievi_Assignment27;
			productReference = FA7247A22C11104200669B96 /* AnaKochievi_Assignment27.app */;
			productType = "com.apple.product-type.application";
		};
/* End PBXNativeTarget section */

/* Begin PBXProject section */
		FA72479A2C11104200669B96 /* Project object */ = {
			isa = PBXProject;
			attributes = {
				BuildIndependentTargetsInParallel = 1;
				LastSwiftUpdateCheck = 1530;
				LastUpgradeCheck = 1530;
				TargetAttributes = {
					FA7247A12C11104200669B96 = {
						CreatedOnToolsVersion = 15.3;
					};
				};
			};
			buildConfigurationList = FA72479D2C11104200669B96 /* Build configuration list for PBXProject "AnaKochievi_Assignment27" */;
			compatibilityVersion = "Xcode 14.0";
			developmentRegion = en;
			hasScannedForEncodings = 0;
			knownRegions = (
				en,
				Base,
			);
			mainGroup = FA7247992C11104200669B96;
			packageReferences = (
				FA7247B92C11109700669B96 /* XCRemoteSwiftPackageReference "SnapKit" */,
			);
			productRefGroup = FA7247A32C11104200669B96 /* Products */;
			projectDirPath = "";
			projectRoot = "";
			targets = (
				FA7247A12C11104200669B96 /* AnaKochievi_Assignment27 */,
			);
		};
/* End PBXProject section */

/* Begin PBXResourcesBuildPhase section */
		FA7247A02C11104200669B96 /* Resources */ = {
			isa = PBXResourcesBuildPhase;
			buildActionMask = 2147483647;
			files = (
				FA7247AF2C11104300669B96 /* Assets.xcassets in Resources */,
				FA7247B22C11104300669B96 /* Base in Resources */,
			);
			runOnlyForDeploymentPostprocessing = 0;
		};
/* End PBXResourcesBuildPhase section */

/* Begin PBXSourcesBuildPhase section */
		FA72479E2C11104200669B96 /* Sources */ = {
			isa = PBXSourcesBuildPhase;
			buildActionMask = 2147483647;
			files = (
				FA7247D22C11241B00669B96 /* Constraints.swift in Sources */,
				FA7247E22C12708F00669B96 /* UIFont+Extensions.swift in Sources */,
				FA7247DA2C11278200669B96 /* UserViewController.swift in Sources */,
				FA7247AA2C11104200669B96 /* MainPageViewController.swift in Sources */,
				FAF9288F2C133CA6009AD03C /* CustomHeaderView.swift in Sources */,
				FA7247CF2C11160100669B96 /* Color+Extensions.swift in Sources */,
				FA7247D42C11268900669B96 /* CustomMainPageCellCollectionViewCell.swift in Sources */,
				FA7247A62C11104200669B96 /* AppDelegate.swift in Sources */,
				FA7247E02C126B1300669B96 /* CustomCellData.swift in Sources */,
				FA7247A82C11104200669B96 /* SceneDelegate.swift in Sources */,
				FA7247DC2C11280F00669B96 /* UserData.swift in Sources */,
				FA7247D82C11276B00669B96 /* UserView.swift in Sources */,
			);
			runOnlyForDeploymentPostprocessing = 0;
		};
/* End PBXSourcesBuildPhase section */

/* Begin PBXVariantGroup section */
		FA7247B02C11104300669B96 /* LaunchScreen.storyboard */ = {
			isa = PBXVariantGroup;
			children = (
				FA7247B12C11104300669B96 /* Base */,
			);
			name = LaunchScreen.storyboard;
			sourceTree = "<group>";
		};
/* End PBXVariantGroup section */

/* Begin XCBuildConfiguration section */
		FA7247B42C11104300669B96 /* Debug */ = {
			isa = XCBuildConfiguration;
			buildSettings = {
				ALWAYS_SEARCH_USER_PATHS = NO;
				ASSETCATALOG_COMPILER_GENERATE_SWIFT_ASSET_SYMBOL_EXTENSIONS = YES;
				CLANG_ANALYZER_NONNULL = YES;
				CLANG_ANALYZER_NUMBER_OBJECT_CONVERSION = YES_AGGRESSIVE;
				CLANG_CXX_LANGUAGE_STANDARD = "gnu++20";
				CLANG_ENABLE_MODULES = YES;
				CLANG_ENABLE_OBJC_ARC = YES;
				CLANG_ENABLE_OBJC_WEAK = YES;
				CLANG_WARN_BLOCK_CAPTURE_AUTORELEASING = YES;
				CLANG_WARN_BOOL_CONVERSION = YES;
				CLANG_WARN_COMMA = YES;
				CLANG_WARN_CONSTANT_CONVERSION = YES;
				CLANG_WARN_DEPRECATED_OBJC_IMPLEMENTATIONS = YES;
				CLANG_WARN_DIRECT_OBJC_ISA_USAGE = YES_ERROR;
				CLANG_WARN_DOCUMENTATION_COMMENTS = YES;
				CLANG_WARN_EMPTY_BODY = YES;
				CLANG_WARN_ENUM_CONVERSION = YES;
				CLANG_WARN_INFINITE_RECURSION = YES;
				CLANG_WARN_INT_CONVERSION = YES;
				CLANG_WARN_NON_LITERAL_NULL_CONVERSION = YES;
				CLANG_WARN_OBJC_IMPLICIT_RETAIN_SELF = YES;
				CLANG_WARN_OBJC_LITERAL_CONVERSION = YES;
				CLANG_WARN_OBJC_ROOT_CLASS = YES_ERROR;
				CLANG_WARN_QUOTED_INCLUDE_IN_FRAMEWORK_HEADER = YES;
				CLANG_WARN_RANGE_LOOP_ANALYSIS = YES;
				CLANG_WARN_STRICT_PROTOTYPES = YES;
				CLANG_WARN_SUSPICIOUS_MOVE = YES;
				CLANG_WARN_UNGUARDED_AVAILABILITY = YES_AGGRESSIVE;
				CLANG_WARN_UNREACHABLE_CODE = YES;
				CLANG_WARN__DUPLICATE_METHOD_MATCH = YES;
				COPY_PHASE_STRIP = NO;
				DEBUG_INFORMATION_FORMAT = dwarf;
				ENABLE_STRICT_OBJC_MSGSEND = YES;
				ENABLE_TESTABILITY = YES;
				ENABLE_USER_SCRIPT_SANDBOXING = YES;
				GCC_C_LANGUAGE_STANDARD = gnu17;
				GCC_DYNAMIC_NO_PIC = NO;
				GCC_NO_COMMON_BLOCKS = YES;
				GCC_OPTIMIZATION_LEVEL = 0;
				GCC_PREPROCESSOR_DEFINITIONS = (
					"DEBUG=1",
					"$(inherited)",
				);
				GCC_WARN_64_TO_32_BIT_CONVERSION = YES;
				GCC_WARN_ABOUT_RETURN_TYPE = YES_ERROR;
				GCC_WARN_UNDECLARED_SELECTOR = YES;
				GCC_WARN_UNINITIALIZED_AUTOS = YES_AGGRESSIVE;
				GCC_WARN_UNUSED_FUNCTION = YES;
				GCC_WARN_UNUSED_VARIABLE = YES;
				IPHONEOS_DEPLOYMENT_TARGET = 17.4;
				LOCALIZATION_PREFERS_STRING_CATALOGS = YES;
				MTL_ENABLE_DEBUG_INFO = INCLUDE_SOURCE;
				MTL_FAST_MATH = YES;
				ONLY_ACTIVE_ARCH = YES;
				SDKROOT = iphoneos;
				SWIFT_ACTIVE_COMPILATION_CONDITIONS = "DEBUG $(inherited)";
				SWIFT_OPTIMIZATION_LEVEL = "-Onone";
			};
			name = Debug;
		};
		FA7247B52C11104300669B96 /* Release */ = {
			isa = XCBuildConfiguration;
			buildSettings = {
				ALWAYS_SEARCH_USER_PATHS = NO;
				ASSETCATALOG_COMPILER_GENERATE_SWIFT_ASSET_SYMBOL_EXTENSIONS = YES;
				CLANG_ANALYZER_NONNULL = YES;
				CLANG_ANALYZER_NUMBER_OBJECT_CONVERSION = YES_AGGRESSIVE;
				CLANG_CXX_LANGUAGE_STANDARD = "gnu++20";
				CLANG_ENABLE_MODULES = YES;
				CLANG_ENABLE_OBJC_ARC = YES;
				CLANG_ENABLE_OBJC_WEAK = YES;
				CLANG_WARN_BLOCK_CAPTURE_AUTORELEASING = YES;
				CLANG_WARN_BOOL_CONVERSION = YES;
				CLANG_WARN_COMMA = YES;
				CLANG_WARN_CONSTANT_CONVERSION = YES;
				CLANG_WARN_DEPRECATED_OBJC_IMPLEMENTATIONS = YES;
				CLANG_WARN_DIRECT_OBJC_ISA_USAGE = YES_ERROR;
				CLANG_WARN_DOCUMENTATION_COMMENTS = YES;
				CLANG_WARN_EMPTY_BODY = YES;
				CLANG_WARN_ENUM_CONVERSION = YES;
				CLANG_WARN_INFINITE_RECURSION = YES;
				CLANG_WARN_INT_CONVERSION = YES;
				CLANG_WARN_NON_LITERAL_NULL_CONVERSION = YES;
				CLANG_WARN_OBJC_IMPLICIT_RETAIN_SELF = YES;
				CLANG_WARN_OBJC_LITERAL_CONVERSION = YES;
				CLANG_WARN_OBJC_ROOT_CLASS = YES_ERROR;
				CLANG_WARN_QUOTED_INCLUDE_IN_FRAMEWORK_HEADER = YES;
				CLANG_WARN_RANGE_LOOP_ANALYSIS = YES;
				CLANG_WARN_STRICT_PROTOTYPES = YES;
				CLANG_WARN_SUSPICIOUS_MOVE = YES;
				CLANG_WARN_UNGUARDED_AVAILABILITY = YES_AGGRESSIVE;
				CLANG_WARN_UNREACHABLE_CODE = YES;
				CLANG_WARN__DUPLICATE_METHOD_MATCH = YES;
				COPY_PHASE_STRIP = NO;
				DEBUG_INFORMATION_FORMAT = "dwarf-with-dsym";
				ENABLE_NS_ASSERTIONS = NO;
				ENABLE_STRICT_OBJC_MSGSEND = YES;
				ENABLE_USER_SCRIPT_SANDBOXING = YES;
				GCC_C_LANGUAGE_STANDARD = gnu17;
				GCC_NO_COMMON_BLOCKS = YES;
				GCC_WARN_64_TO_32_BIT_CONVERSION = YES;
				GCC_WARN_ABOUT_RETURN_TYPE = YES_ERROR;
				GCC_WARN_UNDECLARED_SELECTOR = YES;
				GCC_WARN_UNINITIALIZED_AUTOS = YES_AGGRESSIVE;
				GCC_WARN_UNUSED_FUNCTION = YES;
				GCC_WARN_UNUSED_VARIABLE = YES;
				IPHONEOS_DEPLOYMENT_TARGET = 17.4;
				LOCALIZATION_PREFERS_STRING_CATALOGS = YES;
				MTL_ENABLE_DEBUG_INFO = NO;
				MTL_FAST_MATH = YES;
				SDKROOT = iphoneos;
				SWIFT_COMPILATION_MODE = wholemodule;
				VALIDATE_PRODUCT = YES;
			};
			name = Release;
		};
		FA7247B72C11104300669B96 /* Debug */ = {
			isa = XCBuildConfiguration;
			buildSettings = {
				ASSETCATALOG_COMPILER_APPICON_NAME = AppIcon;
				ASSETCATALOG_COMPILER_GLOBAL_ACCENT_COLOR_NAME = AccentColor;
				CODE_SIGN_STYLE = Automatic;
				CURRENT_PROJECT_VERSION = 1;
				DEVELOPMENT_TEAM = 6YJPZH2Y6W;
				GENERATE_INFOPLIST_FILE = YES;
				INFOPLIST_FILE = AnaKochievi_Assignment27/Resources/Info.plist;
				INFOPLIST_KEY_CFBundleDisplayName = "";
				INFOPLIST_KEY_LSApplicationCategoryType = "";
				INFOPLIST_KEY_UIApplicationSupportsIndirectInputEvents = YES;
				INFOPLIST_KEY_UILaunchStoryboardName = LaunchScreen;
				INFOPLIST_KEY_UISupportedInterfaceOrientations = UIInterfaceOrientationPortrait;
				INFOPLIST_KEY_UISupportedInterfaceOrientations_iPad = "UIInterfaceOrientationLandscapeLeft UIInterfaceOrientationLandscapeRight UIInterfaceOrientationPortrait UIInterfaceOrientationPortraitUpsideDown";
				LD_RUNPATH_SEARCH_PATHS = (
					"$(inherited)",
					"@executable_path/Frameworks",
				);
				MARKETING_VERSION = 1.0;
				PRODUCT_BUNDLE_IDENTIFIER = "com.personal.AnaKochievi-Assignment27";
				PRODUCT_NAME = "$(TARGET_NAME)";
				SUPPORTED_PLATFORMS = "iphoneos iphonesimulator";
				SUPPORTS_MACCATALYST = NO;
				SUPPORTS_MAC_DESIGNED_FOR_IPHONE_IPAD = NO;
				SUPPORTS_XR_DESIGNED_FOR_IPHONE_IPAD = NO;
				SWIFT_EMIT_LOC_STRINGS = YES;
				SWIFT_VERSION = 5.0;
				TARGETED_DEVICE_FAMILY = 1;
			};
			name = Debug;
		};
		FA7247B82C11104300669B96 /* Release */ = {
			isa = XCBuildConfiguration;
			buildSettings = {
				ASSETCATALOG_COMPILER_APPICON_NAME = AppIcon;
				ASSETCATALOG_COMPILER_GLOBAL_ACCENT_COLOR_NAME = AccentColor;
				CODE_SIGN_STYLE = Automatic;
				CURRENT_PROJECT_VERSION = 1;
				DEVELOPMENT_TEAM = 6YJPZH2Y6W;
				GENERATE_INFOPLIST_FILE = YES;
				INFOPLIST_FILE = AnaKochievi_Assignment27/Resources/Info.plist;
				INFOPLIST_KEY_CFBundleDisplayName = "";
				INFOPLIST_KEY_LSApplicationCategoryType = "";
				INFOPLIST_KEY_UIApplicationSupportsIndirectInputEvents = YES;
				INFOPLIST_KEY_UILaunchStoryboardName = LaunchScreen;
				INFOPLIST_KEY_UISupportedInterfaceOrientations = UIInterfaceOrientationPortrait;
				INFOPLIST_KEY_UISupportedInterfaceOrientations_iPad = "UIInterfaceOrientationLandscapeLeft UIInterfaceOrientationLandscapeRight UIInterfaceOrientationPortrait UIInterfaceOrientationPortraitUpsideDown";
				LD_RUNPATH_SEARCH_PATHS = (
					"$(inherited)",
					"@executable_path/Frameworks",
				);
				MARKETING_VERSION = 1.0;
				PRODUCT_BUNDLE_IDENTIFIER = "com.personal.AnaKochievi-Assignment27";
				PRODUCT_NAME = "$(TARGET_NAME)";
				SUPPORTED_PLATFORMS = "iphoneos iphonesimulator";
				SUPPORTS_MACCATALYST = NO;
				SUPPORTS_MAC_DESIGNED_FOR_IPHONE_IPAD = NO;
				SUPPORTS_XR_DESIGNED_FOR_IPHONE_IPAD = NO;
				SWIFT_EMIT_LOC_STRINGS = YES;
				SWIFT_VERSION = 5.0;
				TARGETED_DEVICE_FAMILY = 1;
			};
			name = Release;
		};
/* End XCBuildConfiguration section */

/* Begin XCConfigurationList section */
		FA72479D2C11104200669B96 /* Build configuration list for PBXProject "AnaKochievi_Assignment27" */ = {
			isa = XCConfigurationList;
			buildConfigurations = (
				FA7247B42C11104300669B96 /* Debug */,
				FA7247B52C11104300669B96 /* Release */,
			);
			defaultConfigurationIsVisible = 0;
			defaultConfigurationName = Release;
		};
		FA7247B62C11104300669B96 /* Build configuration list for PBXNativeTarget "AnaKochievi_Assignment27" */ = {
			isa = XCConfigurationList;
			buildConfigurations = (
				FA7247B72C11104300669B96 /* Debug */,
				FA7247B82C11104300669B96 /* Release */,
			);
			defaultConfigurationIsVisible = 0;
			defaultConfigurationName = Release;
		};
/* End XCConfigurationList section */

/* Begin XCRemoteSwiftPackageReference section */
		FA7247B92C11109700669B96 /* XCRemoteSwiftPackageReference "SnapKit" */ = {
			isa = XCRemoteSwiftPackageReference;
			repositoryURL = "https://github.com/SnapKit/SnapKit";
			requirement = {
				kind = upToNextMajorVersion;
				minimumVersion = 5.7.1;
			};
		};
/* End XCRemoteSwiftPackageReference section */

/* Begin XCSwiftPackageProductDependency section */
		FA7247BA2C11109700669B96 /* SnapKit */ = {
			isa = XCSwiftPackageProductDependency;
			package = FA7247B92C11109700669B96 /* XCRemoteSwiftPackageReference "SnapKit" */;
			productName = SnapKit;
		};
		FA7247BC2C11109700669B96 /* SnapKit-Dynamic */ = {
			isa = XCSwiftPackageProductDependency;
			package = FA7247B92C11109700669B96 /* XCRemoteSwiftPackageReference "SnapKit" */;
			productName = "SnapKit-Dynamic";
		};
/* End XCSwiftPackageProductDependency section */
	};
	rootObject = FA72479A2C11104200669B96 /* Project object */;
}
